
Microsoft Visual Studio Solution File, Format Version 12.00
# Visual Studio Version 16
VisualStudioVersion = 16.0.34931.43
MinimumVisualStudioVersion = 10.0.40219.1
Project("{FAE04EC0-301F-11D3-BF4B-00C04F79EFBC}") = "WindowsFormsStudentsDiary", "WindowsFormsStudentsDiary\WindowsFormsStudentsDiary.csproj", "{B77EA7B6-9C37-49C6-9C7B-527BEAFC198B}"
EndProject
Global
	GlobalSection(SolutionConfigurationPlatforms) = preSolution
		Debug|Any CPU = Debug|Any CPU
		Release|Any CPU = Release|Any CPU
	EndGlobalSection
	GlobalSection(ProjectConfigurationPlatforms) = postSolution
		{B77EA7B6-9C37-49C6-9C7B-527BEAFC198B}.Debug|Any CPU.ActiveCfg = Debug|Any CPU
		{B77EA7B6-9C37-49C6-9C7B-527BEAFC198B}.Debug|Any CPU.Build.0 = Debug|Any CPU
		{B77EA7B6-9C37-49C6-9C7B-527BEAFC198B}.Release|Any CPU.ActiveCfg = Release|Any CPU
		{B77EA7B6-9C37-49C6-9C7B-527BEAFC198B}.Release|Any CPU.Build.0 = Release|Any CPU
	EndGlobalSection
	GlobalSection(SolutionProperties) = preSolution
		HideSolutionNode = FALSE
	EndGlobalSection
	GlobalSection(ExtensibilityGlobals) = postSolution
		SolutionGuid = {B6759C0A-5AD0-4051-BB8E-0320B29D347A}
	EndGlobalSection
EndGlobal
